// !$*UTF8*$!
{
	archiveVersion = 1;
	classes = {
	};
	objectVersion = 50;
	objects = {

/* Begin PBXBuildFile section */
		AB78DA3D26F6B9F000A85E30 /* AppDelegate.swift in Sources */ = {isa = PBXBuildFile; fileRef = AB78DA3C26F6B9F000A85E30 /* AppDelegate.swift */; };
		AB78DA3F26F6B9F000A85E30 /* SceneDelegate.swift in Sources */ = {isa = PBXBuildFile; fileRef = AB78DA3E26F6B9F000A85E30 /* SceneDelegate.swift */; };
		AB78DA4126F6B9F000A85E30 /* ViewController.swift in Sources */ = {isa = PBXBuildFile; fileRef = AB78DA4026F6B9F000A85E30 /* ViewController.swift */; };
		AB78DA4426F6B9F000A85E30 /* Main.storyboard in Resources */ = {isa = PBXBuildFile; fileRef = AB78DA4226F6B9F000A85E30 /* Main.storyboard */; };
		AB78DA4626F6B9F100A85E30 /* Assets.xcassets in Resources */ = {isa = PBXBuildFile; fileRef = AB78DA4526F6B9F100A85E30 /* Assets.xcassets */; };
		AB78DA4926F6B9F100A85E30 /* LaunchScreen.storyboard in Resources */ = {isa = PBXBuildFile; fileRef = AB78DA4726F6B9F100A85E30 /* LaunchScreen.storyboard */; };
		AB78DA5226F6C1D500A85E30 /* SegundoViewController.swift in Sources */ = {isa = PBXBuildFile; fileRef = AB78DA5126F6C1D500A85E30 /* SegundoViewController.swift */; };
		AB78DA5526F6D67600A85E30 /* TercerViewController.swift in Sources */ = {isa = PBXBuildFile; fileRef = AB78DA5426F6D67600A85E30 /* TercerViewController.swift */; };
/* End PBXBuildFile section */

/* Begin PBXFileReference section */
		AB78DA3926F6B9F000A85E30 /* Segue y Unwind Segue.app */ = {isa = PBXFileReference; explicitFileType = wrapper.application; includeInIndex = 0; path = "Segue y Unwind Segue.app"; sourceTree = BUILT_PRODUCTS_DIR; };
		AB78DA3C26F6B9F000A85E30 /* AppDelegate.swift */ = {isa = PBXFileReference; lastKnownFileType = sourcecode.swift; path = AppDelegate.swift; sourceTree = "<group>"; };
		AB78DA3E26F6B9F000A85E30 /* SceneDelegate.swift */ = {isa = PBXFileReference; lastKnownFileType = sourcecode.swift; path = SceneDelegate.swift; sourceTree = "<group>"; };
		AB78DA4026F6B9F000A85E30 /* ViewController.swift */ = {isa = PBXFileReference; lastKnownFileType = sourcecode.swift; path = ViewController.swift; sourceTree = "<group>"; };
		AB78DA4326F6B9F000A85E30 /* Base */ = {isa = PBXFileReference; lastKnownFileType = file.storyboard; name = Base; path = Base.lproj/Main.storyboard; sourceTree = "<group>"; };
		AB78DA4526F6B9F100A85E30 /* Assets.xcassets */ = {isa = PBXFileReference; lastKnownFileType = folder.assetcatalog; path = Assets.xcassets; sourceTree = "<group>"; };
		AB78DA4826F6B9F100A85E30 /* Base */ = {isa = PBXFileReference; lastKnownFileType = file.storyboard; name = Base; path = Base.lproj/LaunchScreen.storyboard; sourceTree = "<group>"; };
		AB78DA4A26F6B9F100A85E30 /* Info.plist */ = {isa = PBXFileReference; lastKnownFileType = text.plist.xml; path = Info.plist; sourceTree = "<group>"; };
		AB78DA5126F6C1D500A85E30 /* SegundoViewController.swift */ = {isa = PBXFileReference; lastKnownFileType = sourcecode.swift; path = SegundoViewController.swift; sourceTree = "<group>"; };
		AB78DA5426F6D67600A85E30 /* TercerViewController.swift */ = {isa = PBXFileReference; lastKnownFileType = sourcecode.swift; path = TercerViewController.swift; sourceTree = "<group>"; };
/* End PBXFileReference section */

/* Begin PBXFrameworksBuildPhase section */
		AB78DA3626F6B9F000A85E30 /* Frameworks */ = {
			isa = PBXFrameworksBuildPhase;
			buildActionMask = 2147483647;
			files = (
			);
			runOnlyForDeploymentPostprocessing = 0;
		};
/* End PBXFrameworksBuildPhase section */

/* Begin PBXGroup section */
		AB78DA3026F6B9F000A85E30 = {
			isa = PBXGroup;
			children = (
				AB78DA3B26F6B9F000A85E30 /* Segue y Unwind Segue */,
				AB78DA3A26F6B9F000A85E30 /* Products */,
			);
			sourceTree = "<group>";
		};
		AB78DA3A26F6B9F000A85E30 /* Products */ = {
			isa = PBXGroup;
			children = (
				AB78DA3926F6B9F000A85E30 /* Segue y Unwind Segue.app */,
			);
			name = Products;
			sourceTree = "<group>";
		};
		AB78DA3B26F6B9F000A85E30 /* Segue y Unwind Segue */ = {
			isa = PBXGroup;
			children = (
				AB78DA3C26F6B9F000A85E30 /* AppDelegate.swift */,
				AB78DA3E26F6B9F000A85E30 /* SceneDelegate.swift */,
				AB78DA4026F6B9F000A85E30 /* ViewController.swift */,
				AB78DA4226F6B9F000A85E30 /* Main.storyboard */,
				AB78DA4526F6B9F100A85E30 /* Assets.xcassets */,
				AB78DA4726F6B9F100A85E30 /* LaunchScreen.storyboard */,
				AB78DA4A26F6B9F100A85E30 /* Info.plist */,
				AB78DA5126F6C1D500A85E30 /* SegundoViewController.swift */,
				AB78DA5426F6D67600A85E30 /* TercerViewController.swift */,
			);
			path = "Segue y Unwind Segue";
			sourceTree = "<group>";
		};
/* End PBXGroup section */

/* Begin PBXNativeTarget section */
		AB78DA3826F6B9F000A85E30 /* Segue y Unwind Segue */ = {
			isa = PBXNativeTarget;
			buildConfigurationList = AB78DA4D26F6B9F100A85E30 /* Build configuration list for PBXNativeTarget "Segue y Unwind Segue" */;
			buildPhases = (
				AB78DA3526F6B9F000A85E30 /* Sources */,
				AB78DA3626F6B9F000A85E30 /* Frameworks */,
				AB78DA3726F6B9F000A85E30 /* Resources */,
			);
			buildRules = (
			);
			dependencies = (
			);
			name = "Segue y Unwind Segue";
			productName = "Segue y Unwind Segue";
			productReference = AB78DA3926F6B9F000A85E30 /* Segue y Unwind Segue.app */;
			productType = "com.apple.product-type.application";
		};
/* End PBXNativeTarget section */

/* Begin PBXProject section */
		AB78DA3126F6B9F000A85E30 /* Project object */ = {
			isa = PBXProject;
			attributes = {
				LastSwiftUpdateCheck = 1240;
				LastUpgradeCheck = 1240;
				TargetAttributes = {
					AB78DA3826F6B9F000A85E30 = {
						CreatedOnToolsVersion = 12.4;
					};
				};
			};
			buildConfigurationList = AB78DA3426F6B9F000A85E30 /* Build configuration list for PBXProject "Segue y Unwind Segue" */;
			compatibilityVersion = "Xcode 9.3";
			developmentRegion = en;
			hasScannedForEncodings = 0;
			knownRegions = (
				en,
				Base,
			);
			mainGroup = AB78DA3026F6B9F000A85E30;
			productRefGroup = AB78DA3A26F6B9F000A85E30 /* Products */;
			projectDirPath = "";
			projectRoot = "";
			targets = (
				AB78DA3826F6B9F000A85E30 /* Segue y Unwind Segue */,
			);
		};
/* End PBXProject section */

/* Begin PBXResourcesBuildPhase section */
		AB78DA3726F6B9F000A85E30 /* Resources */ = {
			isa = PBXResourcesBuildPhase;
			buildActionMask = 2147483647;
			files = (
				AB78DA4926F6B9F100A85E30 /* LaunchScreen.storyboard in Resources */,
				AB78DA4626F6B9F100A85E30 /* Assets.xcassets in Resources */,
				AB78DA4426F6B9F000A85E30 /* Main.storyboard in Resources */,
			);
			runOnlyForDeploymentPostprocessing = 0;
		};
/* End PBXResourcesBuildPhase section */

/* Begin PBXSourcesBuildPhase section */
		AB78DA3526F6B9F000A85E30 /* Sources */ = {
			isa = PBXSourcesBuildPhase;
			buildActionMask = 2147483647;
			files = (
				AB78DA5526F6D67600A85E30 /* TercerViewController.swift in Sources */,
				AB78DA4126F6B9F000A85E30 /* ViewController.swift in Sources */,
				AB78DA3D26F6B9F000A85E30 /* AppDelegate.swift in Sources */,
				AB78DA5226F6C1D500A85E30 /* SegundoViewController.swift in Sources */,
				AB78DA3F26F6B9F000A85E30 /* SceneDelegate.swift in Sources */,
			);
			runOnlyForDeploymentPostprocessing = 0;
		};
/* End PBXSourcesBuildPhase section */

/* Begin PBXVariantGroup section */
		AB78DA4226F6B9F000A85E30 /* Main.storyboard */ = {
			isa = PBXVariantGroup;
			children = (
				AB78DA4326F6B9F000A85E30 /* Base */,
			);
			name = Main.storyboard;
			sourceTree = "<group>";
		};
		AB78DA4726F6B9F100A85E30 /* LaunchScreen.storyboard */ = {
			isa = PBXVariantGroup;
			children = (
				AB78DA4826F6B9F100A85E30 /* Base */,
			);
			name = LaunchScreen.storyboard;
			sourceTree = "<group>";
		};
/* End PBXVariantGroup section */

/* Begin XCBuildConfiguration section */
		AB78DA4B26F6B9F100A85E30 /* Debug */ = {
			isa = XCBuildConfiguration;
			buildSettings = {
				ALWAYS_SEARCH_USER_PATHS = NO;
				CLANG_ANALYZER_NONNULL = YES;
				CLANG_ANALYZER_NUMBER_OBJECT_CONVERSION = YES_AGGRESSIVE;
				CLANG_CXX_LANGUAGE_STANDARD = "gnu++14";
				CLANG_CXX_LIBRARY = "libc++";
				CLANG_ENABLE_MODULES = YES;
				CLANG_ENABLE_OBJC_ARC = YES;
				CLANG_ENABLE_OBJC_WEAK = YES;
				CLANG_WARN_BLOCK_CAPTURE_AUTORELEASING = YES;
				CLANG_WARN_BOOL_CONVERSION = YES;
				CLANG_WARN_COMMA = YES;
				CLANG_WARN_CONSTANT_CONVERSION = YES;
				CLANG_WARN_DEPRECATED_OBJC_IMPLEMENTATIONS = YES;
				CLANG_WARN_DIRECT_OBJC_ISA_USAGE = YES_ERROR;
				CLANG_WARN_DOCUMENTATION_COMMENTS = YES;
				CLANG_WARN_EMPTY_BODY = YES;
				CLANG_WARN_ENUM_CONVERSION = YES;
				CLANG_WARN_INFINITE_RECURSION = YES;
				CLANG_WARN_INT_CONVERSION = YES;
				CLANG_WARN_NON_LITERAL_NULL_CONVERSION = YES;
				CLANG_WARN_OBJC_IMPLICIT_RETAIN_SELF = YES;
				CLANG_WARN_OBJC_LITERAL_CONVERSION = YES;
				CLANG_WARN_OBJC_ROOT_CLASS = YES_ERROR;
				CLANG_WARN_QUOTED_INCLUDE_IN_FRAMEWORK_HEADER = YES;
				CLANG_WARN_RANGE_LOOP_ANALYSIS = YES;
				CLANG_WARN_STRICT_PROTOTYPES = YES;
				CLANG_WARN_SUSPICIOUS_MOVE = YES;
				CLANG_WARN_UNGUARDED_AVAILABILITY = YES_AGGRESSIVE;
				CLANG_WARN_UNREACHABLE_CODE = YES;
				CLANG_WARN__DUPLICATE_METHOD_MATCH = YES;
				COPY_PHASE_STRIP = NO;
				DEBUG_INFORMATION_FORMAT = dwarf;
				ENABLE_STRICT_OBJC_MSGSEND = YES;
				ENABLE_TESTABILITY = YES;
				GCC_C_LANGUAGE_STANDARD = gnu11;
				GCC_DYNAMIC_NO_PIC = NO;
				GCC_NO_COMMON_BLOCKS = YES;
				GCC_OPTIMIZATION_LEVEL = 0;
				GCC_PREPROCESSOR_DEFINITIONS = (
					"DEBUG=1",
					"$(inherited)",
				);
				GCC_WARN_64_TO_32_BIT_CONVERSION = YES;
				GCC_WARN_ABOUT_RETURN_TYPE = YES_ERROR;
				GCC_WARN_UNDECLARED_SELECTOR = YES;
				GCC_WARN_UNINITIALIZED_AUTOS = YES_AGGRESSIVE;
				GCC_WARN_UNUSED_FUNCTION = YES;
				GCC_WARN_UNUSED_VARIABLE = YES;
				IPHONEOS_DEPLOYMENT_TARGET = 14.4;
				MTL_ENABLE_DEBUG_INFO = INCLUDE_SOURCE;
				MTL_FAST_MATH = YES;
				ONLY_ACTIVE_ARCH = YES;
				SDKROOT = iphoneos;
				SWIFT_ACTIVE_COMPILATION_CONDITIONS = DEBUG;
				SWIFT_OPTIMIZATION_LEVEL = "-Onone";
			};
			name = Debug;
		};
		AB78DA4C26F6B9F100A85E30 /* Release */ = {
			isa = XCBuildConfiguration;
			buildSettings = {
				ALWAYS_SEARCH_USER_PATHS = NO;
				CLANG_ANALYZER_NONNULL = YES;
				CLANG_ANALYZER_NUMBER_OBJECT_CONVERSION = YES_AGGRESSIVE;
				CLANG_CXX_LANGUAGE_STANDARD = "gnu++14";
				CLANG_CXX_LIBRARY = "libc++";
				CLANG_ENABLE_MODULES = YES;
				CLANG_ENABLE_OBJC_ARC = YES;
				CLANG_ENABLE_OBJC_WEAK = YES;
				CLANG_WARN_BLOCK_CAPTURE_AUTORELEASING = YES;
				CLANG_WARN_BOOL_CONVERSION = YES;
				CLANG_WARN_COMMA = YES;
				CLANG_WARN_CONSTANT_CONVERSION = YES;
				CLANG_WARN_DEPRECATED_OBJC_IMPLEMENTATIONS = YES;
				CLANG_WARN_DIRECT_OBJC_ISA_USAGE = YES_ERROR;
				CLANG_WARN_DOCUMENTATION_COMMENTS = YES;
				CLANG_WARN_EMPTY_BODY = YES;
				CLANG_WARN_ENUM_CONVERSION = YES;
				CLANG_WARN_INFINITE_RECURSION = YES;
				CLANG_WARN_INT_CONVERSION = YES;
				CLANG_WARN_NON_LITERAL_NULL_CONVERSION = YES;
				CLANG_WARN_OBJC_IMPLICIT_RETAIN_SELF = YES;
				CLANG_WARN_OBJC_LITERAL_CONVERSION = YES;
				CLANG_WARN_OBJC_ROOT_CLASS = YES_ERROR;
				CLANG_WARN_QUOTED_INCLUDE_IN_FRAMEWORK_HEADER = YES;
				CLANG_WARN_RANGE_LOOP_ANALYSIS = YES;
				CLANG_WARN_STRICT_PROTOTYPES = YES;
				CLANG_WARN_SUSPICIOUS_MOVE = YES;
				CLANG_WARN_UNGUARDED_AVAILABILITY = YES_AGGRESSIVE;
				CLANG_WARN_UNREACHABLE_CODE = YES;
				CLANG_WARN__DUPLICATE_METHOD_MATCH = YES;
				COPY_PHASE_STRIP = NO;
				DEBUG_INFORMATION_FORMAT = "dwarf-with-dsym";
				ENABLE_NS_ASSERTIONS = NO;
				ENABLE_STRICT_OBJC_MSGSEND = YES;
				GCC_C_LANGUAGE_STANDARD = gnu11;
				GCC_NO_COMMON_BLOCKS = YES;
				GCC_WARN_64_TO_32_BIT_CONVERSION = YES;
				GCC_WARN_ABOUT_RETURN_TYPE = YES_ERROR;
				GCC_WARN_UNDECLARED_SELECTOR = YES;
				GCC_WARN_UNINITIALIZED_AUTOS = YES_AGGRESSIVE;
				GCC_WARN_UNUSED_FUNCTION = YES;
				GCC_WARN_UNUSED_VARIABLE = YES;
				IPHONEOS_DEPLOYMENT_TARGET = 14.4;
				MTL_ENABLE_DEBUG_INFO = NO;
				MTL_FAST_MATH = YES;
				SDKROOT = iphoneos;
				SWIFT_COMPILATION_MODE = wholemodule;
				SWIFT_OPTIMIZATION_LEVEL = "-O";
				VALIDATE_PRODUCT = YES;
			};
			name = Release;
		};
		AB78DA4E26F6B9F100A85E30 /* Debug */ = {
			isa = XCBuildConfiguration;
			buildSettings = {
				ASSETCATALOG_COMPILER_APPICON_NAME = AppIcon;
				ASSETCATALOG_COMPILER_GLOBAL_ACCENT_COLOR_NAME = AccentColor;
				CODE_SIGN_STYLE = Automatic;
				INFOPLIST_FILE = "Segue y Unwind Segue/Info.plist";
				LD_RUNPATH_SEARCH_PATHS = (
					"$(inherited)",
					"@executable_path/Frameworks",
				);
				PRODUCT_BUNDLE_IDENTIFIER = "com.ITMPrograMovil.Segue-y-Unwind-Segue";
				PRODUCT_NAME = "$(TARGET_NAME)";
				SWIFT_VERSION = 5.0;
				TARGETED_DEVICE_FAMILY = "1,2";
			};
			name = Debug;
		};
		AB78DA4F26F6B9F100A85E30 /* Release */ = {
			isa = XCBuildConfiguration;
			buildSettings = {
				ASSETCATALOG_COMPILER_APPICON_NAME = AppIcon;
				ASSETCATALOG_COMPILER_GLOBAL_ACCENT_COLOR_NAME = AccentColor;
				CODE_SIGN_STYLE = Automatic;
				INFOPLIST_FILE = "Segue y Unwind Segue/Info.plist";
				LD_RUNPATH_SEARCH_PATHS = (
					"$(inherited)",
					"@executable_path/Frameworks",
				);
				PRODUCT_BUNDLE_IDENTIFIER = "com.ITMPrograMovil.Segue-y-Unwind-Segue";
				PRODUCT_NAME = "$(TARGET_NAME)";
				SWIFT_VERSION = 5.0;
				TARGETED_DEVICE_FAMILY = "1,2";
			};
			name = Release;
		};
/* End XCBuildConfiguration section */

/* Begin XCConfigurationList section */
		AB78DA3426F6B9F000A85E30 /* Build configuration list for PBXProject "Segue y Unwind Segue" */ = {
			isa = XCConfigurationList;
			buildConfigurations = (
				AB78DA4B26F6B9F100A85E30 /* Debug */,
				AB78DA4C26F6B9F100A85E30 /* Release */,
			);
			defaultConfigurationIsVisible = 0;
			defaultConfigurationName = Release;
		};
		AB78DA4D26F6B9F100A85E30 /* Build configuration list for PBXNativeTarget "Segue y Unwind Segue" */ = {
			isa = XCConfigurationList;
			buildConfigurations = (
				AB78DA4E26F6B9F100A85E30 /* Debug */,
				AB78DA4F26F6B9F100A85E30 /* Release */,
			);
			defaultConfigurationIsVisible = 0;
			defaultConfigurationName = Release;
		};
/* End XCConfigurationList section */
	};
	rootObject = AB78DA3126F6B9F000A85E30 /* Project object */;
}
